{
  "version": 4,
  "terraform_version": "1.0.10",
  "serial": 51,
  "lineage": "6dec72c0-7122-3497-1892-7e9796bfd137",
  "outputs": {},
  "resources": [
    {
      "mode": "managed",
      "type": "linode_instance",
      "name": "web-node",
      "provider": "provider[\"registry.terraform.io/linode/linode\"]",
      "instances": [
        {
          "index_key": 0,
          "schema_version": 0,
          "attributes": {
            "alerts": [
              {
                "cpu": 90,
                "io": 10000,
                "network_in": 10,
                "network_out": 10,
                "transfer_quota": 80
              }
            ],
            "authorized_keys": [
              "ssh-rsa AAAAB3NzaC1yc2EAAAADAQABAAABgQC3mUZxsXXgzIs6+NeTSI5uRC1q6WnnBzXPBESjo1Wu2+0/VV1yFoKxr6RgN5oZxvdWtmFQJK6yCL8e0m5yo1c94xKqxvquf7iqLsi1UverKn9QKZ8zY5h+LbNhUAFpxY6Owm3faDJkLiZ9/BQxrcWMxdtkqLgbY3XmzQwLEoTLdkjDtYVZ3bTMdvm7VdNpSJKZJsIBkxjySDocxJlP/DwhUWRIIgl+rkmGBb2z84sq40Cl7Vc5Vvjid9FwC3Em1GpF4festvQ6bI90OvdREdAJcdBJGagxxPDredXUiQ8vs2lns4a8B3b3GAGxfXOg8a8biYZwReNfLNhxkrb6Y3UqpZu/Q5VDiB+RhvlSB8MpROwjQxFXspoUeEwpTvK/5D2ppuxpgGGtgbMITNXTa8dcwVF7IVdUSKqqdBEAvRW8fEFnnUBl8NR6tFXFVDictjv/7fOqAWm5/iqyxXl5alvCTuTzXoIDe90iIJVfEq270M2rBu2i9ZUfcaYJWA3k+2k= ubuntu@v854799.hosted-by-vdsina.ru"
            ],
            "authorized_users": null,
            "backup_id": null,
            "backups": [
              {
                "enabled": false,
                "schedule": [
                  {
                    "day": "",
                    "window": ""
                  }
                ]
              }
            ],
            "backups_enabled": false,
            "boot_config_label": "My Ubuntu 20.04 LTS Disk Profile",
            "config": [
              {
                "comments": "",
                "devices": [
                  {
                    "sda": [
                      {
                        "disk_id": 64782198,
                        "disk_label": "Ubuntu 20.04 LTS Disk",
                        "volume_id": 0
                      }
                    ],
                    "sdb": [
                      {
                        "disk_id": 64782199,
                        "disk_label": "512 MB Swap Image",
                        "volume_id": 0
                      }
                    ],
                    "sdc": [],
                    "sdd": [],
                    "sde": [],
                    "sdf": [],
                    "sdg": [],
                    "sdh": []
                  }
                ],
                "helpers": [
                  {
                    "devtmpfs_automount": true,
                    "distro": true,
                    "modules_dep": true,
                    "network": true,
                    "updatedb_disabled": true
                  }
                ],
                "interface": [],
                "kernel": "linode/grub2",
                "label": "My Ubuntu 20.04 LTS Disk Profile",
                "memory_limit": 0,
                "root_device": "/dev/sda",
                "run_level": "default",
                "virt_mode": "paravirt"
              }
            ],
            "disk": [
              {
                "authorized_keys": [],
                "authorized_users": [],
                "filesystem": "ext4",
                "id": 64782198,
                "image": "",
                "label": "Ubuntu 20.04 LTS Disk",
                "read_only": false,
                "root_pass": "",
                "size": 25088,
                "stackscript_data": {},
                "stackscript_id": 0
              },
              {
                "authorized_keys": [],
                "authorized_users": [],
                "filesystem": "swap",
                "id": 64782199,
                "image": "",
                "label": "512 MB Swap Image",
                "read_only": false,
                "root_pass": "",
                "size": 512,
                "stackscript_data": {},
                "stackscript_id": 0
              }
            ],
            "group": "web",
            "id": "32126091",
            "image": "linode/ubuntu20.04",
            "interface": [],
            "ip_address": "66.228.43.215",
            "ipv4": [
              "192.168.162.135",
              "66.228.43.215"
            ],
            "ipv6": "2600:3c03::f03c:92ff:fee3:0458/128",
            "label": "web-node-1",
            "private_ip": true,
            "private_ip_address": "192.168.162.135",
            "region": "us-east",
            "root_pass": null,
            "specs": [
              {
                "disk": 25600,
                "memory": 1024,
                "transfer": 1000,
                "vcpus": 1
              }
            ],
            "stackscript_data": null,
            "stackscript_id": null,
            "status": "running",
            "swap_size": 512,
            "tags": [
              "node",
              "web"
            ],
            "timeouts": null,
            "type": "g6-nanode-1",
            "watchdog_enabled": true
          },
          "sensitive_attributes": [],
          "private": "eyJlMmJmYjczMC1lY2FhLTExZTYtOGY4OC0zNDM2M2JjN2M0YzAiOnsiY3JlYXRlIjo2MDAwMDAwMDAwMDAsImRlbGV0ZSI6NjAwMDAwMDAwMDAwLCJ1cGRhdGUiOjEyMDAwMDAwMDAwMDB9fQ=="
        },
        {
          "index_key": 1,
          "schema_version": 0,
          "attributes": {
            "alerts": [
              {
                "cpu": 90,
                "io": 10000,
                "network_in": 10,
                "network_out": 10,
                "transfer_quota": 80
              }
            ],
            "authorized_keys": [
              "ssh-rsa AAAAB3NzaC1yc2EAAAADAQABAAABgQC3mUZxsXXgzIs6+NeTSI5uRC1q6WnnBzXPBESjo1Wu2+0/VV1yFoKxr6RgN5oZxvdWtmFQJK6yCL8e0m5yo1c94xKqxvquf7iqLsi1UverKn9QKZ8zY5h+LbNhUAFpxY6Owm3faDJkLiZ9/BQxrcWMxdtkqLgbY3XmzQwLEoTLdkjDtYVZ3bTMdvm7VdNpSJKZJsIBkxjySDocxJlP/DwhUWRIIgl+rkmGBb2z84sq40Cl7Vc5Vvjid9FwC3Em1GpF4festvQ6bI90OvdREdAJcdBJGagxxPDredXUiQ8vs2lns4a8B3b3GAGxfXOg8a8biYZwReNfLNhxkrb6Y3UqpZu/Q5VDiB+RhvlSB8MpROwjQxFXspoUeEwpTvK/5D2ppuxpgGGtgbMITNXTa8dcwVF7IVdUSKqqdBEAvRW8fEFnnUBl8NR6tFXFVDictjv/7fOqAWm5/iqyxXl5alvCTuTzXoIDe90iIJVfEq270M2rBu2i9ZUfcaYJWA3k+2k= ubuntu@v854799.hosted-by-vdsina.ru"
            ],
            "authorized_users": null,
            "backup_id": null,
            "backups": [
              {
                "enabled": false,
                "schedule": [
                  {
                    "day": "",
                    "window": ""
                  }
                ]
              }
            ],
            "backups_enabled": false,
            "boot_config_label": "My Ubuntu 20.04 LTS Disk Profile",
            "config": [
              {
                "comments": "",
                "devices": [
                  {
                    "sda": [
                      {
                        "disk_id": 64783023,
                        "disk_label": "Ubuntu 20.04 LTS Disk",
                        "volume_id": 0
                      }
                    ],
                    "sdb": [
                      {
                        "disk_id": 64783024,
                        "disk_label": "512 MB Swap Image",
                        "volume_id": 0
                      }
                    ],
                    "sdc": [],
                    "sdd": [],
                    "sde": [],
                    "sdf": [],
                    "sdg": [],
                    "sdh": []
                  }
                ],
                "helpers": [
                  {
                    "devtmpfs_automount": true,
                    "distro": true,
                    "modules_dep": true,
                    "network": true,
                    "updatedb_disabled": true
                  }
                ],
                "interface": [],
                "kernel": "linode/grub2",
                "label": "My Ubuntu 20.04 LTS Disk Profile",
                "memory_limit": 0,
                "root_device": "/dev/sda",
                "run_level": "default",
                "virt_mode": "paravirt"
              }
            ],
            "disk": [
              {
                "authorized_keys": [],
                "authorized_users": [],
                "filesystem": "ext4",
                "id": 64783023,
                "image": "",
                "label": "Ubuntu 20.04 LTS Disk",
                "read_only": false,
                "root_pass": "",
                "size": 25088,
                "stackscript_data": {},
                "stackscript_id": 0
              },
              {
                "authorized_keys": [],
                "authorized_users": [],
                "filesystem": "swap",
                "id": 64783024,
                "image": "",
                "label": "512 MB Swap Image",
                "read_only": false,
                "root_pass": "",
                "size": 512,
                "stackscript_data": {},
                "stackscript_id": 0
              }
            ],
            "group": "web",
            "id": "32126501",
            "image": "linode/ubuntu20.04",
            "interface": [],
            "ip_address": "45.79.175.157",
            "ipv4": [
              "192.168.206.114",
              "45.79.175.157"
            ],
            "ipv6": "2600:3c03::f03c:92ff:fee3:a8fe/128",
            "label": "web-node-2",
            "private_ip": true,
            "private_ip_address": "192.168.206.114",
            "region": "us-east",
            "root_pass": null,
            "specs": [
              {
                "disk": 25600,
                "memory": 1024,
                "transfer": 1000,
                "vcpus": 1
              }
            ],
            "stackscript_data": null,
            "stackscript_id": null,
            "status": "running",
            "swap_size": 512,
            "tags": [
              "node",
              "web"
            ],
            "timeouts": null,
            "type": "g6-nanode-1",
            "watchdog_enabled": true
          },
          "sensitive_attributes": [],
          "private": "eyJlMmJmYjczMC1lY2FhLTExZTYtOGY4OC0zNDM2M2JjN2M0YzAiOnsiY3JlYXRlIjo2MDAwMDAwMDAwMDAsImRlbGV0ZSI6NjAwMDAwMDAwMDAwLCJ1cGRhdGUiOjEyMDAwMDAwMDAwMDB9fQ=="
        }
      ]
    },
    {
      "mode": "managed",
      "type": "linode_nodebalancer",
      "name": "web-nbl",
      "provider": "provider[\"registry.terraform.io/linode/linode\"]",
      "instances": [
        {
          "schema_version": 1,
          "attributes": {
            "client_conn_throttle": 20,
            "created": "2021-11-23T13:42:50Z",
            "hostname": "nb-170-187-131-178.newark.nodebalancer.linode.com",
            "id": "179718",
            "ipv4": "170.187.131.178",
            "ipv6": "2600:3c03:1::aabb:83b2",
            "label": "web-nbl",
            "region": "us-east",
            "tags": [
              "nbl",
              "web"
            ],
            "transfer": [
              {
                "in": 0.10248756408691406,
                "out": 0.010257720947265625,
                "total": 0.11274528503417969
              }
            ],
            "updated": "2021-11-23T13:42:50Z"
          },
          "sensitive_attributes": [],
          "private": "eyJzY2hlbWFfdmVyc2lvbiI6IjEifQ=="
        }
      ]
    },
    {
      "mode": "managed",
      "type": "linode_nodebalancer_config",
      "name": "web-nbl-cfg",
      "provider": "provider[\"registry.terraform.io/linode/linode\"]",
      "instances": [
        {
          "schema_version": 1,
          "attributes": {
            "algorithm": "leastconn",
            "check": "http_body",
            "check_attempts": 3,
            "check_body": "",
            "check_interval": 0,
            "check_passive": true,
            "check_path": "/",
            "check_timeout": 30,
            "cipher_suite": "recommended",
            "id": "253756",
            "node_status": [
              {
                "down": 0,
                "up": 0
              }
            ],
            "nodebalancer_id": 179718,
            "port": 3140,
            "protocol": "http",
            "proxy_protocol": "none",
            "ssl_cert": null,
            "ssl_commonname": "",
            "ssl_fingerprint": "",
            "ssl_key": null,
            "stickiness": "table"
          },
          "sensitive_attributes": [],
          "private": "eyJzY2hlbWFfdmVyc2lvbiI6IjEifQ==",
          "dependencies": [
            "linode_nodebalancer.web-nbl"
          ]
        }
      ]
    },
    {
      "mode": "managed",
      "type": "linode_nodebalancer_node",
      "name": "web-nbl-node",
      "provider": "provider[\"registry.terraform.io/linode/linode\"]",
      "instances": [
        {
          "index_key": 0,
          "schema_version": 0,
          "attributes": {
            "address": "192.168.162.135:3140",
            "config_id": 253756,
            "id": "34366715",
            "label": "web-nbl-node",
            "mode": "accept",
            "nodebalancer_id": 179718,
            "status": "Unknown",
            "weight": 50
          },
          "sensitive_attributes": [],
          "private": "bnVsbA==",
          "dependencies": [
            "linode_instance.web-node",
            "linode_nodebalancer.web-nbl",
            "linode_nodebalancer_config.web-nbl-cfg"
          ]
        },
        {
          "index_key": 1,
          "schema_version": 0,
          "attributes": {
            "address": "192.168.206.114:3140",
            "config_id": 253756,
            "id": "34366714",
            "label": "web-nbl-node",
            "mode": "accept",
            "nodebalancer_id": 179718,
            "status": "Unknown",
            "weight": 50
          },
          "sensitive_attributes": [],
          "private": "bnVsbA==",
          "dependencies": [
            "linode_instance.web-node",
            "linode_nodebalancer.web-nbl",
            "linode_nodebalancer_config.web-nbl-cfg"
          ]
        }
      ]
    }
  ]
}
