{
  "version": 4,
  "terraform_version": "1.0.10",
  "serial": 16,
  "lineage": "6dec72c0-7122-3497-1892-7e9796bfd137",
  "outputs": {},
  "resources": [
    {
      "mode": "managed",
      "type": "linode_instance",
      "name": "terraform-web",
      "provider": "provider[\"registry.terraform.io/linode/linode\"]",
      "instances": [
        {
          "status": "tainted",
          "schema_version": 0,
          "attributes": {
            "alerts": [
              {
                "cpu": 90,
                "io": 10000,
                "network_in": 10,
                "network_out": 10,
                "transfer_quota": 80
              }
            ],
            "authorized_keys": [
              "ssh-rsa AAAAB3NzaC1yc2EAAAADAQABAAABgQC3mUZxsXXgzIs6+NeTSI5uRC1q6WnnBzXPBESjo1Wu2+0/VV1yFoKxr6RgN5oZxvdWtmFQJK6yCL8e0m5yo1c94xKqxvquf7iqLsi1UverKn9QKZ8zY5h+LbNhUAFpxY6Owm3faDJkLiZ9/BQxrcWMxdtkqLgbY3XmzQwLEoTLdkjDtYVZ3bTMdvm7VdNpSJKZJsIBkxjySDocxJlP/DwhUWRIIgl+rkmGBb2z84sq40Cl7Vc5Vvjid9FwC3Em1GpF4festvQ6bI90OvdREdAJcdBJGagxxPDredXUiQ8vs2lns4a8B3b3GAGxfXOg8a8biYZwReNfLNhxkrb6Y3UqpZu/Q5VDiB+RhvlSB8MpROwjQxFXspoUeEwpTvK/5D2ppuxpgGGtgbMITNXTa8dcwVF7IVdUSKqqdBEAvRW8fEFnnUBl8NR6tFXFVDictjv/7fOqAWm5/iqyxXl5alvCTuTzXoIDe90iIJVfEq270M2rBu2i9ZUfcaYJWA3k+2k= ubuntu@v854799.hosted-by-vdsina.ru"
            ],
            "authorized_users": null,
            "backup_id": null,
            "backups": [
              {
                "enabled": false,
                "schedule": [
                  {
                    "day": "",
                    "window": ""
                  }
                ]
              }
            ],
            "backups_enabled": false,
            "boot_config_label": "My Ubuntu 20.04 LTS Disk Profile",
            "config": [
              {
                "comments": "",
                "devices": [
                  {
                    "sda": [
                      {
                        "disk_id": 64555494,
                        "disk_label": "Ubuntu 20.04 LTS Disk",
                        "volume_id": 0
                      }
                    ],
                    "sdb": [
                      {
                        "disk_id": 64555495,
                        "disk_label": "512 MB Swap Image",
                        "volume_id": 0
                      }
                    ],
                    "sdc": [],
                    "sdd": [],
                    "sde": [],
                    "sdf": [],
                    "sdg": [],
                    "sdh": []
                  }
                ],
                "helpers": [
                  {
                    "devtmpfs_automount": true,
                    "distro": true,
                    "modules_dep": true,
                    "network": true,
                    "updatedb_disabled": true
                  }
                ],
                "interface": [],
                "kernel": "linode/grub2",
                "label": "My Ubuntu 20.04 LTS Disk Profile",
                "memory_limit": 0,
                "root_device": "/dev/sda",
                "run_level": "default",
                "virt_mode": "paravirt"
              }
            ],
            "disk": [
              {
                "authorized_keys": [],
                "authorized_users": [],
                "filesystem": "ext4",
                "id": 64555494,
                "image": "",
                "label": "Ubuntu 20.04 LTS Disk",
                "read_only": false,
                "root_pass": "",
                "size": 25088,
                "stackscript_data": {},
                "stackscript_id": 0
              },
              {
                "authorized_keys": [],
                "authorized_users": [],
                "filesystem": "swap",
                "id": 64555495,
                "image": "",
                "label": "512 MB Swap Image",
                "read_only": false,
                "root_pass": "",
                "size": 512,
                "stackscript_data": {},
                "stackscript_id": 0
              }
            ],
            "group": "Terraform",
            "id": "32011147",
            "image": "linode/ubuntu20.04",
            "interface": [],
            "ip_address": "45.56.100.252",
            "ipv4": [
              "45.56.100.252"
            ],
            "ipv6": "2600:3c03::f03c:92ff:fe58:331d/128",
            "label": "Terraform-Web-Example",
            "private_ip": false,
            "private_ip_address": null,
            "region": "us-east",
            "root_pass": null,
            "specs": [
              {
                "disk": 25600,
                "memory": 1024,
                "transfer": 1000,
                "vcpus": 1
              }
            ],
            "stackscript_data": null,
            "stackscript_id": null,
            "status": "running",
            "swap_size": 512,
            "tags": null,
            "timeouts": null,
            "type": "g6-nanode-1",
            "watchdog_enabled": true
          },
          "sensitive_attributes": [],
          "private": "eyJlMmJmYjczMC1lY2FhLTExZTYtOGY4OC0zNDM2M2JjN2M0YzAiOnsiY3JlYXRlIjo2MDAwMDAwMDAwMDAsImRlbGV0ZSI6NjAwMDAwMDAwMDAwLCJ1cGRhdGUiOjEyMDAwMDAwMDAwMDB9fQ=="
        }
      ]
    }
  ]
}
